
Microsoft Visual Studio Solution File, Format Version 12.00
# Visual Studio Version 16
VisualStudioVersion = 16.0.31005.135
MinimumVisualStudioVersion = 10.0.40219.1
Project("{8BC9CEB8-8B4A-11D0-8D11-00A0C91BC942}") = "№ 3", "№ 3.vcxproj", "{CA558F2E-227B-427C-A1C6-C60101F1A97A}"
EndProject
Global
	GlobalSection(SolutionConfigurationPlatforms) = preSolution
		Debug|x64 = Debug|x64
		Debug|x86 = Debug|x86
		Release|x64 = Release|x64
		Release|x86 = Release|x86
	EndGlobalSection
	GlobalSection(ProjectConfigurationPlatforms) = postSolution
		{CA558F2E-227B-427C-A1C6-C60101F1A97A}.Debug|x64.ActiveCfg = Debug|x64
		{CA558F2E-227B-427C-A1C6-C60101F1A97A}.Debug|x64.Build.0 = Debug|x64
		{CA558F2E-227B-427C-A1C6-C60101F1A97A}.Debug|x86.ActiveCfg = Debug|Win32
		{CA558F2E-227B-427C-A1C6-C60101F1A97A}.Debug|x86.Build.0 = Debug|Win32
		{CA558F2E-227B-427C-A1C6-C60101F1A97A}.Release|x64.ActiveCfg = Release|x64
		{CA558F2E-227B-427C-A1C6-C60101F1A97A}.Release|x64.Build.0 = Release|x64
		{CA558F2E-227B-427C-A1C6-C60101F1A97A}.Release|x86.ActiveCfg = Release|Win32
		{CA558F2E-227B-427C-A1C6-C60101F1A97A}.Release|x86.Build.0 = Release|Win32
	EndGlobalSection
	GlobalSection(SolutionProperties) = preSolution
		HideSolutionNode = FALSE
	EndGlobalSection
	GlobalSection(ExtensibilityGlobals) = postSolution
		SolutionGuid = {E6C6CD68-F416-4BB2-B55C-EEFD9E69E0C6}
	EndGlobalSection
EndGlobal
